
Microsoft Visual Studio Solution File, Format Version 12.00
# Visual Studio 2012
Project("{FAE04EC0-301F-11D3-BF4B-00C04F79EFBC}") = "ExamenSegundoParcial", "ExamenSegundoParcial\ExamenSegundoParcial.csproj", "{D964BC42-0B4D-4BB2-9B1A-89D2E96421B1}"
EndProject
Global
	GlobalSection(SolutionConfigurationPlatforms) = preSolution
		Debug|iPhoneSimulator = Debug|iPhoneSimulator
		Release|iPhone = Release|iPhone
		Release|iPhoneSimulator = Release|iPhoneSimulator
		Debug|iPhone = Debug|iPhone
	EndGlobalSection
	GlobalSection(ProjectConfigurationPlatforms) = postSolution
		{D964BC42-0B4D-4BB2-9B1A-89D2E96421B1}.Debug|iPhoneSimulator.ActiveCfg = Debug|iPhoneSimulator
		{D964BC42-0B4D-4BB2-9B1A-89D2E96421B1}.Debug|iPhoneSimulator.Build.0 = Debug|iPhoneSimulator
		{D964BC42-0B4D-4BB2-9B1A-89D2E96421B1}.Release|iPhone.ActiveCfg = Release|iPhone
		{D964BC42-0B4D-4BB2-9B1A-89D2E96421B1}.Release|iPhone.Build.0 = Release|iPhone
		{D964BC42-0B4D-4BB2-9B1A-89D2E96421B1}.Release|iPhoneSimulator.ActiveCfg = Release|iPhoneSimulator
		{D964BC42-0B4D-4BB2-9B1A-89D2E96421B1}.Release|iPhoneSimulator.Build.0 = Release|iPhoneSimulator
		{D964BC42-0B4D-4BB2-9B1A-89D2E96421B1}.Debug|iPhone.ActiveCfg = Debug|iPhone
		{D964BC42-0B4D-4BB2-9B1A-89D2E96421B1}.Debug|iPhone.Build.0 = Debug|iPhone
	EndGlobalSection
EndGlobal
